// !$*UTF8*$!
{
	archiveVersion = 1;
	classes = {
	};
	objectVersion = 56;
	objects = {

/* Begin PBXBuildFile section */
		3FF717E12ACC5CEB00C97E7A /* ZPWSApp.swift in Sources */ = {isa = PBXBuildFile; fileRef = 3FF717E02ACC5CEB00C97E7A /* ZPWSApp.swift */; };
		3FF717E32ACC5CEB00C97E7A /* ContentView.swift in Sources */ = {isa = PBXBuildFile; fileRef = 3FF717E22ACC5CEB00C97E7A /* ContentView.swift */; };
		3FF717E52ACC5CEB00C97E7A /* Assets.xcassets in Resources */ = {isa = PBXBuildFile; fileRef = 3FF717E42ACC5CEB00C97E7A /* Assets.xcassets */; };
		3FF717E82ACC5CEB00C97E7A /* Preview Assets.xcassets in Resources */ = {isa = PBXBuildFile; fileRef = 3FF717E72ACC5CEB00C97E7A /* Preview Assets.xcassets */; };
		3FF717F22ACC5CEC00C97E7A /* ZPWSTests.swift in Sources */ = {isa = PBXBuildFile; fileRef = 3FF717F12ACC5CEC00C97E7A /* ZPWSTests.swift */; };
		3FF717FC2ACC5CEC00C97E7A /* ZPWSUITests.swift in Sources */ = {isa = PBXBuildFile; fileRef = 3FF717FB2ACC5CEC00C97E7A /* ZPWSUITests.swift */; };
		3FF717FE2ACC5CEC00C97E7A /* ZPWSUITestsLaunchTests.swift in Sources */ = {isa = PBXBuildFile; fileRef = 3FF717FD2ACC5CEC00C97E7A /* ZPWSUITestsLaunchTests.swift */; };
/* End PBXBuildFile section */

/* Begin PBXContainerItemProxy section */
		3FF717EE2ACC5CEC00C97E7A /* PBXContainerItemProxy */ = {
			isa = PBXContainerItemProxy;
			containerPortal = 3FF717D52ACC5CEB00C97E7A /* Project object */;
			proxyType = 1;
			remoteGlobalIDString = 3FF717DC2ACC5CEB00C97E7A;
			remoteInfo = ZPWS;
		};
		3FF717F82ACC5CEC00C97E7A /* PBXContainerItemProxy */ = {
			isa = PBXContainerItemProxy;
			containerPortal = 3FF717D52ACC5CEB00C97E7A /* Project object */;
			proxyType = 1;
			remoteGlobalIDString = 3FF717DC2ACC5CEB00C97E7A;
			remoteInfo = ZPWS;
		};
/* End PBXContainerItemProxy section */

/* Begin PBXFileReference section */
		3FF717DD2ACC5CEB00C97E7A /* ZPWS.app */ = {isa = PBXFileReference; explicitFileType = wrapper.application; includeInIndex = 0; path = ZPWS.app; sourceTree = BUILT_PRODUCTS_DIR; };
		3FF717E02ACC5CEB00C97E7A /* ZPWSApp.swift */ = {isa = PBXFileReference; lastKnownFileType = sourcecode.swift; path = ZPWSApp.swift; sourceTree = "<group>"; };
		3FF717E22ACC5CEB00C97E7A /* ContentView.swift */ = {isa = PBXFileReference; lastKnownFileType = sourcecode.swift; path = ContentView.swift; sourceTree = "<group>"; };
		3FF717E42ACC5CEB00C97E7A /* Assets.xcassets */ = {isa = PBXFileReference; lastKnownFileType = folder.assetcatalog; path = Assets.xcassets; sourceTree = "<group>"; };
		3FF717E72ACC5CEB00C97E7A /* Preview Assets.xcassets */ = {isa = PBXFileReference; lastKnownFileType = folder.assetcatalog; path = "Preview Assets.xcassets"; sourceTree = "<group>"; };
		3FF717ED2ACC5CEC00C97E7A /* ZPWSTests.xctest */ = {isa = PBXFileReference; explicitFileType = wrapper.cfbundle; includeInIndex = 0; path = ZPWSTests.xctest; sourceTree = BUILT_PRODUCTS_DIR; };
		3FF717F12ACC5CEC00C97E7A /* ZPWSTests.swift */ = {isa = PBXFileReference; lastKnownFileType = sourcecode.swift; path = ZPWSTests.swift; sourceTree = "<group>"; };
		3FF717F72ACC5CEC00C97E7A /* ZPWSUITests.xctest */ = {isa = PBXFileReference; explicitFileType = wrapper.cfbundle; includeInIndex = 0; path = ZPWSUITests.xctest; sourceTree = BUILT_PRODUCTS_DIR; };
		3FF717FB2ACC5CEC00C97E7A /* ZPWSUITests.swift */ = {isa = PBXFileReference; lastKnownFileType = sourcecode.swift; path = ZPWSUITests.swift; sourceTree = "<group>"; };
		3FF717FD2ACC5CEC00C97E7A /* ZPWSUITestsLaunchTests.swift */ = {isa = PBXFileReference; lastKnownFileType = sourcecode.swift; path = ZPWSUITestsLaunchTests.swift; sourceTree = "<group>"; };
/* End PBXFileReference section */

/* Begin PBXFrameworksBuildPhase section */
		3FF717DA2ACC5CEB00C97E7A /* Frameworks */ = {
			isa = PBXFrameworksBuildPhase;
			buildActionMask = 2147483647;
			files = (
			);
			runOnlyForDeploymentPostprocessing = 0;
		};
		3FF717EA2ACC5CEC00C97E7A /* Frameworks */ = {
			isa = PBXFrameworksBuildPhase;
			buildActionMask = 2147483647;
			files = (
			);
			runOnlyForDeploymentPostprocessing = 0;
		};
		3FF717F42ACC5CEC00C97E7A /* Frameworks */ = {
			isa = PBXFrameworksBuildPhase;
			buildActionMask = 2147483647;
			files = (
			);
			runOnlyForDeploymentPostprocessing = 0;
		};
/* End PBXFrameworksBuildPhase section */

/* Begin PBXGroup section */
		3FF717D42ACC5CEB00C97E7A = {
			isa = PBXGroup;
			children = (
				3FF717DF2ACC5CEB00C97E7A /* ZPWS */,
				3FF717F02ACC5CEC00C97E7A /* ZPWSTests */,
				3FF717FA2ACC5CEC00C97E7A /* ZPWSUITests */,
				3FF717DE2ACC5CEB00C97E7A /* Products */,
			);
			sourceTree = "<group>";
		};
		3FF717DE2ACC5CEB00C97E7A /* Products */ = {
			isa = PBXGroup;
			children = (
				3FF717DD2ACC5CEB00C97E7A /* ZPWS.app */,
				3FF717ED2ACC5CEC00C97E7A /* ZPWSTests.xctest */,
				3FF717F72ACC5CEC00C97E7A /* ZPWSUITests.xctest */,
			);
			name = Products;
			sourceTree = "<group>";
		};
		3FF717DF2ACC5CEB00C97E7A /* ZPWS */ = {
			isa = PBXGroup;
			children = (
				3FF717E02ACC5CEB00C97E7A /* ZPWSApp.swift */,
				3FF717E22ACC5CEB00C97E7A /* ContentView.swift */,
				3FF717E42ACC5CEB00C97E7A /* Assets.xcassets */,
				3FF717E62ACC5CEB00C97E7A /* Preview Content */,
			);
			path = ZPWS;
			sourceTree = "<group>";
		};
		3FF717E62ACC5CEB00C97E7A /* Preview Content */ = {
			isa = PBXGroup;
			children = (
				3FF717E72ACC5CEB00C97E7A /* Preview Assets.xcassets */,
			);
			path = "Preview Content";
			sourceTree = "<group>";
		};
		3FF717F02ACC5CEC00C97E7A /* ZPWSTests */ = {
			isa = PBXGroup;
			children = (
				3FF717F12ACC5CEC00C97E7A /* ZPWSTests.swift */,
			);
			path = ZPWSTests;
			sourceTree = "<group>";
		};
		3FF717FA2ACC5CEC00C97E7A /* ZPWSUITests */ = {
			isa = PBXGroup;
			children = (
				3FF717FB2ACC5CEC00C97E7A /* ZPWSUITests.swift */,
				3FF717FD2ACC5CEC00C97E7A /* ZPWSUITestsLaunchTests.swift */,
			);
			path = ZPWSUITests;
			sourceTree = "<group>";
		};
/* End PBXGroup section */

/* Begin PBXNativeTarget section */
		3FF717DC2ACC5CEB00C97E7A /* ZPWS */ = {
			isa = PBXNativeTarget;
			buildConfigurationList = 3FF718012ACC5CEC00C97E7A /* Build configuration list for PBXNativeTarget "ZPWS" */;
			buildPhases = (
				3FF717D92ACC5CEB00C97E7A /* Sources */,
				3FF717DA2ACC5CEB00C97E7A /* Frameworks */,
				3FF717DB2ACC5CEB00C97E7A /* Resources */,
			);
			buildRules = (
			);
			dependencies = (
			);
			name = ZPWS;
			productName = ZPWS;
			productReference = 3FF717DD2ACC5CEB00C97E7A /* ZPWS.app */;
			productType = "com.apple.product-type.application";
		};
		3FF717EC2ACC5CEC00C97E7A /* ZPWSTests */ = {
			isa = PBXNativeTarget;
			buildConfigurationList = 3FF718042ACC5CEC00C97E7A /* Build configuration list for PBXNativeTarget "ZPWSTests" */;
			buildPhases = (
				3FF717E92ACC5CEC00C97E7A /* Sources */,
				3FF717EA2ACC5CEC00C97E7A /* Frameworks */,
				3FF717EB2ACC5CEC00C97E7A /* Resources */,
			);
			buildRules = (
			);
			dependencies = (
				3FF717EF2ACC5CEC00C97E7A /* PBXTargetDependency */,
			);
			name = ZPWSTests;
			productName = ZPWSTests;
			productReference = 3FF717ED2ACC5CEC00C97E7A /* ZPWSTests.xctest */;
			productType = "com.apple.product-type.bundle.unit-test";
		};
		3FF717F62ACC5CEC00C97E7A /* ZPWSUITests */ = {
			isa = PBXNativeTarget;
			buildConfigurationList = 3FF718072ACC5CEC00C97E7A /* Build configuration list for PBXNativeTarget "ZPWSUITests" */;
			buildPhases = (
				3FF717F32ACC5CEC00C97E7A /* Sources */,
				3FF717F42ACC5CEC00C97E7A /* Frameworks */,
				3FF717F52ACC5CEC00C97E7A /* Resources */,
			);
			buildRules = (
			);
			dependencies = (
				3FF717F92ACC5CEC00C97E7A /* PBXTargetDependency */,
			);
			name = ZPWSUITests;
			productName = ZPWSUITests;
			productReference = 3FF717F72ACC5CEC00C97E7A /* ZPWSUITests.xctest */;
			productType = "com.apple.product-type.bundle.ui-testing";
		};
/* End PBXNativeTarget section */

/* Begin PBXProject section */
		3FF717D52ACC5CEB00C97E7A /* Project object */ = {
			isa = PBXProject;
			attributes = {
				BuildIndependentTargetsInParallel = 1;
				LastSwiftUpdateCheck = 1500;
				LastUpgradeCheck = 1500;
				TargetAttributes = {
					3FF717DC2ACC5CEB00C97E7A = {
						CreatedOnToolsVersion = 15.0;
					};
					3FF717EC2ACC5CEC00C97E7A = {
						CreatedOnToolsVersion = 15.0;
						TestTargetID = 3FF717DC2ACC5CEB00C97E7A;
					};
					3FF717F62ACC5CEC00C97E7A = {
						CreatedOnToolsVersion = 15.0;
						TestTargetID = 3FF717DC2ACC5CEB00C97E7A;
					};
				};
			};
			buildConfigurationList = 3FF717D82ACC5CEB00C97E7A /* Build configuration list for PBXProject "ZPWS" */;
			compatibilityVersion = "Xcode 14.0";
			developmentRegion = en;
			hasScannedForEncodings = 0;
			knownRegions = (
				en,
				Base,
			);
			mainGroup = 3FF717D42ACC5CEB00C97E7A;
			productRefGroup = 3FF717DE2ACC5CEB00C97E7A /* Products */;
			projectDirPath = "";
			projectRoot = "";
			targets = (
				3FF717DC2ACC5CEB00C97E7A /* ZPWS */,
				3FF717EC2ACC5CEC00C97E7A /* ZPWSTests */,
				3FF717F62ACC5CEC00C97E7A /* ZPWSUITests */,
			);
		};
/* End PBXProject section */

/* Begin PBXResourcesBuildPhase section */
		3FF717DB2ACC5CEB00C97E7A /* Resources */ = {
			isa = PBXResourcesBuildPhase;
			buildActionMask = 2147483647;
			files = (
				3FF717E82ACC5CEB00C97E7A /* Preview Assets.xcassets in Resources */,
				3FF717E52ACC5CEB00C97E7A /* Assets.xcassets in Resources */,
			);
			runOnlyForDeploymentPostprocessing = 0;
		};
		3FF717EB2ACC5CEC00C97E7A /* Resources */ = {
			isa = PBXResourcesBuildPhase;
			buildActionMask = 2147483647;
			files = (
			);
			runOnlyForDeploymentPostprocessing = 0;
		};
		3FF717F52ACC5CEC00C97E7A /* Resources */ = {
			isa = PBXResourcesBuildPhase;
			buildActionMask = 2147483647;
			files = (
			);
			runOnlyForDeploymentPostprocessing = 0;
		};
/* End PBXResourcesBuildPhase section */

/* Begin PBXSourcesBuildPhase section */
		3FF717D92ACC5CEB00C97E7A /* Sources */ = {
			isa = PBXSourcesBuildPhase;
			buildActionMask = 2147483647;
			files = (
				3FF717E32ACC5CEB00C97E7A /* ContentView.swift in Sources */,
				3FF717E12ACC5CEB00C97E7A /* ZPWSApp.swift in Sources */,
			);
			runOnlyForDeploymentPostprocessing = 0;
		};
		3FF717E92ACC5CEC00C97E7A /* Sources */ = {
			isa = PBXSourcesBuildPhase;
			buildActionMask = 2147483647;
			files = (
				3FF717F22ACC5CEC00C97E7A /* ZPWSTests.swift in Sources */,
			);
			runOnlyForDeploymentPostprocessing = 0;
		};
		3FF717F32ACC5CEC00C97E7A /* Sources */ = {
			isa = PBXSourcesBuildPhase;
			buildActionMask = 2147483647;
			files = (
				3FF717FE2ACC5CEC00C97E7A /* ZPWSUITestsLaunchTests.swift in Sources */,
				3FF717FC2ACC5CEC00C97E7A /* ZPWSUITests.swift in Sources */,
			);
			runOnlyForDeploymentPostprocessing = 0;
		};
/* End PBXSourcesBuildPhase section */

/* Begin PBXTargetDependency section */
		3FF717EF2ACC5CEC00C97E7A /* PBXTargetDependency */ = {
			isa = PBXTargetDependency;
			target = 3FF717DC2ACC5CEB00C97E7A /* ZPWS */;
			targetProxy = 3FF717EE2ACC5CEC00C97E7A /* PBXContainerItemProxy */;
		};
		3FF717F92ACC5CEC00C97E7A /* PBXTargetDependency */ = {
			isa = PBXTargetDependency;
			target = 3FF717DC2ACC5CEB00C97E7A /* ZPWS */;
			targetProxy = 3FF717F82ACC5CEC00C97E7A /* PBXContainerItemProxy */;
		};
/* End PBXTargetDependency section */

/* Begin XCBuildConfiguration section */
		3FF717FF2ACC5CEC00C97E7A /* Debug */ = {
			isa = XCBuildConfiguration;
			buildSettings = {
				ALWAYS_SEARCH_USER_PATHS = NO;
				ASSETCATALOG_COMPILER_GENERATE_SWIFT_ASSET_SYMBOL_EXTENSIONS = YES;
				CLANG_ANALYZER_NONNULL = YES;
				CLANG_ANALYZER_NUMBER_OBJECT_CONVERSION = YES_AGGRESSIVE;
				CLANG_CXX_LANGUAGE_STANDARD = "gnu++20";
				CLANG_ENABLE_MODULES = YES;
				CLANG_ENABLE_OBJC_ARC = YES;
				CLANG_ENABLE_OBJC_WEAK = YES;
				CLANG_WARN_BLOCK_CAPTURE_AUTORELEASING = YES;
				CLANG_WARN_BOOL_CONVERSION = YES;
				CLANG_WARN_COMMA = YES;
				CLANG_WARN_CONSTANT_CONVERSION = YES;
				CLANG_WARN_DEPRECATED_OBJC_IMPLEMENTATIONS = YES;
				CLANG_WARN_DIRECT_OBJC_ISA_USAGE = YES_ERROR;
				CLANG_WARN_DOCUMENTATION_COMMENTS = YES;
				CLANG_WARN_EMPTY_BODY = YES;
				CLANG_WARN_ENUM_CONVERSION = YES;
				CLANG_WARN_INFINITE_RECURSION = YES;
				CLANG_WARN_INT_CONVERSION = YES;
				CLANG_WARN_NON_LITERAL_NULL_CONVERSION = YES;
				CLANG_WARN_OBJC_IMPLICIT_RETAIN_SELF = YES;
				CLANG_WARN_OBJC_LITERAL_CONVERSION = YES;
				CLANG_WARN_OBJC_ROOT_CLASS = YES_ERROR;
				CLANG_WARN_QUOTED_INCLUDE_IN_FRAMEWORK_HEADER = YES;
				CLANG_WARN_RANGE_LOOP_ANALYSIS = YES;
				CLANG_WARN_STRICT_PROTOTYPES = YES;
				CLANG_WARN_SUSPICIOUS_MOVE = YES;
				CLANG_WARN_UNGUARDED_AVAILABILITY = YES_AGGRESSIVE;
				CLANG_WARN_UNREACHABLE_CODE = YES;
				CLANG_WARN__DUPLICATE_METHOD_MATCH = YES;
				COPY_PHASE_STRIP = NO;
				DEBUG_INFORMATION_FORMAT = dwarf;
				ENABLE_STRICT_OBJC_MSGSEND = YES;
				ENABLE_TESTABILITY = YES;
				ENABLE_USER_SCRIPT_SANDBOXING = YES;
				GCC_C_LANGUAGE_STANDARD = gnu17;
				GCC_DYNAMIC_NO_PIC = NO;
				GCC_NO_COMMON_BLOCKS = YES;
				GCC_OPTIMIZATION_LEVEL = 0;
				GCC_PREPROCESSOR_DEFINITIONS = (
					"DEBUG=1",
					"$(inherited)",
				);
				GCC_WARN_64_TO_32_BIT_CONVERSION = YES;
				GCC_WARN_ABOUT_RETURN_TYPE = YES_ERROR;
				GCC_WARN_UNDECLARED_SELECTOR = YES;
				GCC_WARN_UNINITIALIZED_AUTOS = YES_AGGRESSIVE;
				GCC_WARN_UNUSED_FUNCTION = YES;
				GCC_WARN_UNUSED_VARIABLE = YES;
				IPHONEOS_DEPLOYMENT_TARGET = 17.0;
				LOCALIZATION_PREFERS_STRING_CATALOGS = YES;
				MTL_ENABLE_DEBUG_INFO = INCLUDE_SOURCE;
				MTL_FAST_MATH = YES;
				ONLY_ACTIVE_ARCH = YES;
				SDKROOT = iphoneos;
				SWIFT_ACTIVE_COMPILATION_CONDITIONS = "DEBUG $(inherited)";
				SWIFT_OPTIMIZATION_LEVEL = "-Onone";
			};
			name = Debug;
		};
		3FF718002ACC5CEC00C97E7A /* Release */ = {
			isa = XCBuildConfiguration;
			buildSettings = {
				ALWAYS_SEARCH_USER_PATHS = NO;
				ASSETCATALOG_COMPILER_GENERATE_SWIFT_ASSET_SYMBOL_EXTENSIONS = YES;
				CLANG_ANALYZER_NONNULL = YES;
				CLANG_ANALYZER_NUMBER_OBJECT_CONVERSION = YES_AGGRESSIVE;
				CLANG_CXX_LANGUAGE_STANDARD = "gnu++20";
				CLANG_ENABLE_MODULES = YES;
				CLANG_ENABLE_OBJC_ARC = YES;
				CLANG_ENABLE_OBJC_WEAK = YES;
				CLANG_WARN_BLOCK_CAPTURE_AUTORELEASING = YES;
				CLANG_WARN_BOOL_CONVERSION = YES;
				CLANG_WARN_COMMA = YES;
				CLANG_WARN_CONSTANT_CONVERSION = YES;
				CLANG_WARN_DEPRECATED_OBJC_IMPLEMENTATIONS = YES;
				CLANG_WARN_DIRECT_OBJC_ISA_USAGE = YES_ERROR;
				CLANG_WARN_DOCUMENTATION_COMMENTS = YES;
				CLANG_WARN_EMPTY_BODY = YES;
				CLANG_WARN_ENUM_CONVERSION = YES;
				CLANG_WARN_INFINITE_RECURSION = YES;
				CLANG_WARN_INT_CONVERSION = YES;
				CLANG_WARN_NON_LITERAL_NULL_CONVERSION = YES;
				CLANG_WARN_OBJC_IMPLICIT_RETAIN_SELF = YES;
				CLANG_WARN_OBJC_LITERAL_CONVERSION = YES;
				CLANG_WARN_OBJC_ROOT_CLASS = YES_ERROR;
				CLANG_WARN_QUOTED_INCLUDE_IN_FRAMEWORK_HEADER = YES;
				CLANG_WARN_RANGE_LOOP_ANALYSIS = YES;
				CLANG_WARN_STRICT_PROTOTYPES = YES;
				CLANG_WARN_SUSPICIOUS_MOVE = YES;
				CLANG_WARN_UNGUARDED_AVAILABILITY = YES_AGGRESSIVE;
				CLANG_WARN_UNREACHABLE_CODE = YES;
				CLANG_WARN__DUPLICATE_METHOD_MATCH = YES;
				COPY_PHASE_STRIP = NO;
				DEBUG_INFORMATION_FORMAT = "dwarf-with-dsym";
				ENABLE_NS_ASSERTIONS = NO;
				ENABLE_STRICT_OBJC_MSGSEND = YES;
				ENABLE_USER_SCRIPT_SANDBOXING = YES;
				GCC_C_LANGUAGE_STANDARD = gnu17;
				GCC_NO_COMMON_BLOCKS = YES;
				GCC_WARN_64_TO_32_BIT_CONVERSION = YES;
				GCC_WARN_ABOUT_RETURN_TYPE = YES_ERROR;
				GCC_WARN_UNDECLARED_SELECTOR = YES;
				GCC_WARN_UNINITIALIZED_AUTOS = YES_AGGRESSIVE;
				GCC_WARN_UNUSED_FUNCTION = YES;
				GCC_WARN_UNUSED_VARIABLE = YES;
				IPHONEOS_DEPLOYMENT_TARGET = 17.0;
				LOCALIZATION_PREFERS_STRING_CATALOGS = YES;
				MTL_ENABLE_DEBUG_INFO = NO;
				MTL_FAST_MATH = YES;
				SDKROOT = iphoneos;
				SWIFT_COMPILATION_MODE = wholemodule;
				VALIDATE_PRODUCT = YES;
			};
			name = Release;
		};
		3FF718022ACC5CEC00C97E7A /* Debug */ = {
			isa = XCBuildConfiguration;
			buildSettings = {
				ASSETCATALOG_COMPILER_APPICON_NAME = AppIcon;
				ASSETCATALOG_COMPILER_GLOBAL_ACCENT_COLOR_NAME = AccentColor;
				CODE_SIGN_STYLE = Automatic;
				CURRENT_PROJECT_VERSION = 1;
				DEVELOPMENT_ASSET_PATHS = "\"ZPWS/Preview Content\"";
				ENABLE_PREVIEWS = YES;
				GENERATE_INFOPLIST_FILE = YES;
				INFOPLIST_KEY_UIApplicationSceneManifest_Generation = YES;
				INFOPLIST_KEY_UIApplicationSupportsIndirectInputEvents = YES;
				INFOPLIST_KEY_UILaunchScreen_Generation = YES;
				INFOPLIST_KEY_UISupportedInterfaceOrientations_iPad = "UIInterfaceOrientationPortrait UIInterfaceOrientationPortraitUpsideDown UIInterfaceOrientationLandscapeLeft UIInterfaceOrientationLandscapeRight";
				INFOPLIST_KEY_UISupportedInterfaceOrientations_iPhone = "UIInterfaceOrientationPortrait UIInterfaceOrientationLandscapeLeft UIInterfaceOrientationLandscapeRight";
				LD_RUNPATH_SEARCH_PATHS = (
					"$(inherited)",
					"@executable_path/Frameworks",
				);
				MARKETING_VERSION = 1.0;
				PRODUCT_BUNDLE_IDENTIFIER = pl.pollub.ZPWS;
				PRODUCT_NAME = "$(TARGET_NAME)";
				SWIFT_EMIT_LOC_STRINGS = YES;
				SWIFT_VERSION = 5.0;
				TARGETED_DEVICE_FAMILY = "1,2";
			};
			name = Debug;
		};
		3FF718032ACC5CEC00C97E7A /* Release */ = {
			isa = XCBuildConfiguration;
			buildSettings = {
				ASSETCATALOG_COMPILER_APPICON_NAME = AppIcon;
				ASSETCATALOG_COMPILER_GLOBAL_ACCENT_COLOR_NAME = AccentColor;
				CODE_SIGN_STYLE = Automatic;
				CURRENT_PROJECT_VERSION = 1;
				DEVELOPMENT_ASSET_PATHS = "\"ZPWS/Preview Content\"";
				ENABLE_PREVIEWS = YES;
				GENERATE_INFOPLIST_FILE = YES;
				INFOPLIST_KEY_UIApplicationSceneManifest_Generation = YES;
				INFOPLIST_KEY_UIApplicationSupportsIndirectInputEvents = YES;
				INFOPLIST_KEY_UILaunchScreen_Generation = YES;
				INFOPLIST_KEY_UISupportedInterfaceOrientations_iPad = "UIInterfaceOrientationPortrait UIInterfaceOrientationPortraitUpsideDown UIInterfaceOrientationLandscapeLeft UIInterfaceOrientationLandscapeRight";
				INFOPLIST_KEY_UISupportedInterfaceOrientations_iPhone = "UIInterfaceOrientationPortrait UIInterfaceOrientationLandscapeLeft UIInterfaceOrientationLandscapeRight";
				LD_RUNPATH_SEARCH_PATHS = (
					"$(inherited)",
					"@executable_path/Frameworks",
				);
				MARKETING_VERSION = 1.0;
				PRODUCT_BUNDLE_IDENTIFIER = pl.pollub.ZPWS;
				PRODUCT_NAME = "$(TARGET_NAME)";
				SWIFT_EMIT_LOC_STRINGS = YES;
				SWIFT_VERSION = 5.0;
				TARGETED_DEVICE_FAMILY = "1,2";
			};
			name = Release;
		};
		3FF718052ACC5CEC00C97E7A /* Debug */ = {
			isa = XCBuildConfiguration;
			buildSettings = {
				ALWAYS_EMBED_SWIFT_STANDARD_LIBRARIES = YES;
				BUNDLE_LOADER = "$(TEST_HOST)";
				CODE_SIGN_STYLE = Automatic;
				CURRENT_PROJECT_VERSION = 1;
				GENERATE_INFOPLIST_FILE = YES;
				IPHONEOS_DEPLOYMENT_TARGET = 17.0;
				MARKETING_VERSION = 1.0;
				PRODUCT_BUNDLE_IDENTIFIER = pl.pollub.ZPWSTests;
				PRODUCT_NAME = "$(TARGET_NAME)";
				SWIFT_EMIT_LOC_STRINGS = NO;
				SWIFT_VERSION = 5.0;
				TARGETED_DEVICE_FAMILY = "1,2";
				TEST_HOST = "$(BUILT_PRODUCTS_DIR)/ZPWS.app/$(BUNDLE_EXECUTABLE_FOLDER_PATH)/ZPWS";
			};
			name = Debug;
		};
		3FF718062ACC5CEC00C97E7A /* Release */ = {
			isa = XCBuildConfiguration;
			buildSettings = {
				ALWAYS_EMBED_SWIFT_STANDARD_LIBRARIES = YES;
				BUNDLE_LOADER = "$(TEST_HOST)";
				CODE_SIGN_STYLE = Automatic;
				CURRENT_PROJECT_VERSION = 1;
				GENERATE_INFOPLIST_FILE = YES;
				IPHONEOS_DEPLOYMENT_TARGET = 17.0;
				MARKETING_VERSION = 1.0;
				PRODUCT_BUNDLE_IDENTIFIER = pl.pollub.ZPWSTests;
				PRODUCT_NAME = "$(TARGET_NAME)";
				SWIFT_EMIT_LOC_STRINGS = NO;
				SWIFT_VERSION = 5.0;
				TARGETED_DEVICE_FAMILY = "1,2";
				TEST_HOST = "$(BUILT_PRODUCTS_DIR)/ZPWS.app/$(BUNDLE_EXECUTABLE_FOLDER_PATH)/ZPWS";
			};
			name = Release;
		};
		3FF718082ACC5CEC00C97E7A /* Debug */ = {
			isa = XCBuildConfiguration;
			buildSettings = {
				ALWAYS_EMBED_SWIFT_STANDARD_LIBRARIES = YES;
				CODE_SIGN_STYLE = Automatic;
				CURRENT_PROJECT_VERSION = 1;
				GENERATE_INFOPLIST_FILE = YES;
				MARKETING_VERSION = 1.0;
				PRODUCT_BUNDLE_IDENTIFIER = pl.pollub.ZPWSUITests;
				PRODUCT_NAME = "$(TARGET_NAME)";
				SWIFT_EMIT_LOC_STRINGS = NO;
				SWIFT_VERSION = 5.0;
				TARGETED_DEVICE_FAMILY = "1,2";
				TEST_TARGET_NAME = ZPWS;
			};
			name = Debug;
		};
		3FF718092ACC5CEC00C97E7A /* Release */ = {
			isa = XCBuildConfiguration;
			buildSettings = {
				ALWAYS_EMBED_SWIFT_STANDARD_LIBRARIES = YES;
				CODE_SIGN_STYLE = Automatic;
				CURRENT_PROJECT_VERSION = 1;
				GENERATE_INFOPLIST_FILE = YES;
				MARKETING_VERSION = 1.0;
				PRODUCT_BUNDLE_IDENTIFIER = pl.pollub.ZPWSUITests;
				PRODUCT_NAME = "$(TARGET_NAME)";
				SWIFT_EMIT_LOC_STRINGS = NO;
				SWIFT_VERSION = 5.0;
				TARGETED_DEVICE_FAMILY = "1,2";
				TEST_TARGET_NAME = ZPWS;
			};
			name = Release;
		};
/* End XCBuildConfiguration section */

/* Begin XCConfigurationList section */
		3FF717D82ACC5CEB00C97E7A /* Build configuration list for PBXProject "ZPWS" */ = {
			isa = XCConfigurationList;
			buildConfigurations = (
				3FF717FF2ACC5CEC00C97E7A /* Debug */,
				3FF718002ACC5CEC00C97E7A /* Release */,
			);
			defaultConfigurationIsVisible = 0;
			defaultConfigurationName = Release;
		};
		3FF718012ACC5CEC00C97E7A /* Build configuration list for PBXNativeTarget "ZPWS" */ = {
			isa = XCConfigurationList;
			buildConfigurations = (
				3FF718022ACC5CEC00C97E7A /* Debug */,
				3FF718032ACC5CEC00C97E7A /* Release */,
			);
			defaultConfigurationIsVisible = 0;
			defaultConfigurationName = Release;
		};
		3FF718042ACC5CEC00C97E7A /* Build configuration list for PBXNativeTarget "ZPWSTests" */ = {
			isa = XCConfigurationList;
			buildConfigurations = (
				3FF718052ACC5CEC00C97E7A /* Debug */,
				3FF718062ACC5CEC00C97E7A /* Release */,
			);
			defaultConfigurationIsVisible = 0;
			defaultConfigurationName = Release;
		};
		3FF718072ACC5CEC00C97E7A /* Build configuration list for PBXNativeTarget "ZPWSUITests" */ = {
			isa = XCConfigurationList;
			buildConfigurations = (
				3FF718082ACC5CEC00C97E7A /* Debug */,
				3FF718092ACC5CEC00C97E7A /* Release */,
			);
			defaultConfigurationIsVisible = 0;
			defaultConfigurationName = Release;
		};
/* End XCConfigurationList section */
	};
	rootObject = 3FF717D52ACC5CEB00C97E7A /* Project object */;
}
